// !$*UTF8*$!
{
	archiveVersion = 1;
	classes = {
	};
	objectVersion = 50;
	objects = {

/* Begin PBXBuildFile section */
		3FA5381429315A1700315B8D /* AppDelegate.swift in Sources */ = {isa = PBXBuildFile; fileRef = 3FA5381329315A1700315B8D /* AppDelegate.swift */; };
		3FA5381629315A1700315B8D /* SceneDelegate.swift in Sources */ = {isa = PBXBuildFile; fileRef = 3FA5381529315A1700315B8D /* SceneDelegate.swift */; };
		3FA5381B29315A1700315B8D /* Main.storyboard in Resources */ = {isa = PBXBuildFile; fileRef = 3FA5381929315A1700315B8D /* Main.storyboard */; };
		3FA5381D29315A1800315B8D /* Assets.xcassets in Resources */ = {isa = PBXBuildFile; fileRef = 3FA5381C29315A1800315B8D /* Assets.xcassets */; };
		3FA5382029315A1800315B8D /* LaunchScreen.storyboard in Resources */ = {isa = PBXBuildFile; fileRef = 3FA5381E29315A1800315B8D /* LaunchScreen.storyboard */; };
		3FA5382829315F4400315B8D /* MoedaTableViewCell.swift in Sources */ = {isa = PBXBuildFile; fileRef = 3FA5382729315F4400315B8D /* MoedaTableViewCell.swift */; };
		3FA5382A29327F5500315B8D /* MoedaTableViewController.swift in Sources */ = {isa = PBXBuildFile; fileRef = 3FA5382929327F5500315B8D /* MoedaTableViewController.swift */; };
		3FA5382C29327F9400315B8D /* Moedas.swift in Sources */ = {isa = PBXBuildFile; fileRef = 3FA5382B29327F9400315B8D /* Moedas.swift */; };
		3FA5382E29328D9C00315B8D /* MoedaDestalheViewController.swift in Sources */ = {isa = PBXBuildFile; fileRef = 3FA5382D29328D9C00315B8D /* MoedaDestalheViewController.swift */; };
/* End PBXBuildFile section */

/* Begin PBXFileReference section */
		3FA5381029315A1700315B8D /* coinJSON.app */ = {isa = PBXFileReference; explicitFileType = wrapper.application; includeInIndex = 0; path = coinJSON.app; sourceTree = BUILT_PRODUCTS_DIR; };
		3FA5381329315A1700315B8D /* AppDelegate.swift */ = {isa = PBXFileReference; lastKnownFileType = sourcecode.swift; path = AppDelegate.swift; sourceTree = "<group>"; };
		3FA5381529315A1700315B8D /* SceneDelegate.swift */ = {isa = PBXFileReference; lastKnownFileType = sourcecode.swift; path = SceneDelegate.swift; sourceTree = "<group>"; };
		3FA5381A29315A1700315B8D /* Base */ = {isa = PBXFileReference; lastKnownFileType = file.storyboard; name = Base; path = Base.lproj/Main.storyboard; sourceTree = "<group>"; };
		3FA5381C29315A1800315B8D /* Assets.xcassets */ = {isa = PBXFileReference; lastKnownFileType = folder.assetcatalog; path = Assets.xcassets; sourceTree = "<group>"; };
		3FA5381F29315A1800315B8D /* Base */ = {isa = PBXFileReference; lastKnownFileType = file.storyboard; name = Base; path = Base.lproj/LaunchScreen.storyboard; sourceTree = "<group>"; };
		3FA5382129315A1800315B8D /* Info.plist */ = {isa = PBXFileReference; lastKnownFileType = text.plist.xml; path = Info.plist; sourceTree = "<group>"; };
		3FA5382729315F4400315B8D /* MoedaTableViewCell.swift */ = {isa = PBXFileReference; lastKnownFileType = sourcecode.swift; path = MoedaTableViewCell.swift; sourceTree = "<group>"; };
		3FA5382929327F5500315B8D /* MoedaTableViewController.swift */ = {isa = PBXFileReference; lastKnownFileType = sourcecode.swift; path = MoedaTableViewController.swift; sourceTree = "<group>"; };
		3FA5382B29327F9400315B8D /* Moedas.swift */ = {isa = PBXFileReference; lastKnownFileType = sourcecode.swift; path = Moedas.swift; sourceTree = "<group>"; };
		3FA5382D29328D9C00315B8D /* MoedaDestalheViewController.swift */ = {isa = PBXFileReference; lastKnownFileType = sourcecode.swift; path = MoedaDestalheViewController.swift; sourceTree = "<group>"; };
/* End PBXFileReference section */

/* Begin PBXFrameworksBuildPhase section */
		3FA5380D29315A1700315B8D /* Frameworks */ = {
			isa = PBXFrameworksBuildPhase;
			buildActionMask = 2147483647;
			files = (
			);
			runOnlyForDeploymentPostprocessing = 0;
		};
/* End PBXFrameworksBuildPhase section */

/* Begin PBXGroup section */
		3FA5380729315A1700315B8D = {
			isa = PBXGroup;
			children = (
				3FA5381229315A1700315B8D /* coinJSON */,
				3FA5381129315A1700315B8D /* Products */,
			);
			sourceTree = "<group>";
		};
		3FA5381129315A1700315B8D /* Products */ = {
			isa = PBXGroup;
			children = (
				3FA5381029315A1700315B8D /* coinJSON.app */,
			);
			name = Products;
			sourceTree = "<group>";
		};
		3FA5381229315A1700315B8D /* coinJSON */ = {
			isa = PBXGroup;
			children = (
				3FA5381329315A1700315B8D /* AppDelegate.swift */,
				3FA5381529315A1700315B8D /* SceneDelegate.swift */,
				3FA5381929315A1700315B8D /* Main.storyboard */,
				3FA5382D29328D9C00315B8D /* MoedaDestalheViewController.swift */,
				3FA5382B29327F9400315B8D /* Moedas.swift */,
				3FA5382929327F5500315B8D /* MoedaTableViewController.swift */,
				3FA5382729315F4400315B8D /* MoedaTableViewCell.swift */,
				3FA5381C29315A1800315B8D /* Assets.xcassets */,
				3FA5381E29315A1800315B8D /* LaunchScreen.storyboard */,
				3FA5382129315A1800315B8D /* Info.plist */,
			);
			path = coinJSON;
			sourceTree = "<group>";
		};
/* End PBXGroup section */

/* Begin PBXNativeTarget section */
		3FA5380F29315A1700315B8D /* coinJSON */ = {
			isa = PBXNativeTarget;
			buildConfigurationList = 3FA5382429315A1800315B8D /* Build configuration list for PBXNativeTarget "coinJSON" */;
			buildPhases = (
				3FA5380C29315A1700315B8D /* Sources */,
				3FA5380D29315A1700315B8D /* Frameworks */,
				3FA5380E29315A1700315B8D /* Resources */,
			);
			buildRules = (
			);
			dependencies = (
			);
			name = coinJSON;
			productName = coinJSON;
			productReference = 3FA5381029315A1700315B8D /* coinJSON.app */;
			productType = "com.apple.product-type.application";
		};
/* End PBXNativeTarget section */

/* Begin PBXProject section */
		3FA5380829315A1700315B8D /* Project object */ = {
			isa = PBXProject;
			attributes = {
				LastSwiftUpdateCheck = 1130;
				LastUpgradeCheck = 1130;
				ORGANIZATIONNAME = Student;
				TargetAttributes = {
					3FA5380F29315A1700315B8D = {
						CreatedOnToolsVersion = 11.3;
					};
				};
			};
			buildConfigurationList = 3FA5380B29315A1700315B8D /* Build configuration list for PBXProject "coinJSON" */;
			compatibilityVersion = "Xcode 9.3";
			developmentRegion = en;
			hasScannedForEncodings = 0;
			knownRegions = (
				en,
				Base,
			);
			mainGroup = 3FA5380729315A1700315B8D;
			productRefGroup = 3FA5381129315A1700315B8D /* Products */;
			projectDirPath = "";
			projectRoot = "";
			targets = (
				3FA5380F29315A1700315B8D /* coinJSON */,
			);
		};
/* End PBXProject section */

/* Begin PBXResourcesBuildPhase section */
		3FA5380E29315A1700315B8D /* Resources */ = {
			isa = PBXResourcesBuildPhase;
			buildActionMask = 2147483647;
			files = (
				3FA5382029315A1800315B8D /* LaunchScreen.storyboard in Resources */,
				3FA5381D29315A1800315B8D /* Assets.xcassets in Resources */,
				3FA5381B29315A1700315B8D /* Main.storyboard in Resources */,
			);
			runOnlyForDeploymentPostprocessing = 0;
		};
/* End PBXResourcesBuildPhase section */

/* Begin PBXSourcesBuildPhase section */
		3FA5380C29315A1700315B8D /* Sources */ = {
			isa = PBXSourcesBuildPhase;
			buildActionMask = 2147483647;
			files = (
				3FA5381429315A1700315B8D /* AppDelegate.swift in Sources */,
				3FA5382E29328D9C00315B8D /* MoedaDestalheViewController.swift in Sources */,
				3FA5382829315F4400315B8D /* MoedaTableViewCell.swift in Sources */,
				3FA5382C29327F9400315B8D /* Moedas.swift in Sources */,
				3FA5382A29327F5500315B8D /* MoedaTableViewController.swift in Sources */,
				3FA5381629315A1700315B8D /* SceneDelegate.swift in Sources */,
			);
			runOnlyForDeploymentPostprocessing = 0;
		};
/* End PBXSourcesBuildPhase section */

/* Begin PBXVariantGroup section */
		3FA5381929315A1700315B8D /* Main.storyboard */ = {
			isa = PBXVariantGroup;
			children = (
				3FA5381A29315A1700315B8D /* Base */,
			);
			name = Main.storyboard;
			sourceTree = "<group>";
		};
		3FA5381E29315A1800315B8D /* LaunchScreen.storyboard */ = {
			isa = PBXVariantGroup;
			children = (
				3FA5381F29315A1800315B8D /* Base */,
			);
			name = LaunchScreen.storyboard;
			sourceTree = "<group>";
		};
/* End PBXVariantGroup section */

/* Begin XCBuildConfiguration section */
		3FA5382229315A1800315B8D /* Debug */ = {
			isa = XCBuildConfiguration;
			buildSettings = {
				ALWAYS_SEARCH_USER_PATHS = NO;
				CLANG_ANALYZER_NONNULL = YES;
				CLANG_ANALYZER_NUMBER_OBJECT_CONVERSION = YES_AGGRESSIVE;
				CLANG_CXX_LANGUAGE_STANDARD = "gnu++14";
				CLANG_CXX_LIBRARY = "libc++";
				CLANG_ENABLE_MODULES = YES;
				CLANG_ENABLE_OBJC_ARC = YES;
				CLANG_ENABLE_OBJC_WEAK = YES;
				CLANG_WARN_BLOCK_CAPTURE_AUTORELEASING = YES;
				CLANG_WARN_BOOL_CONVERSION = YES;
				CLANG_WARN_COMMA = YES;
				CLANG_WARN_CONSTANT_CONVERSION = YES;
				CLANG_WARN_DEPRECATED_OBJC_IMPLEMENTATIONS = YES;
				CLANG_WARN_DIRECT_OBJC_ISA_USAGE = YES_ERROR;
				CLANG_WARN_DOCUMENTATION_COMMENTS = YES;
				CLANG_WARN_EMPTY_BODY = YES;
				CLANG_WARN_ENUM_CONVERSION = YES;
				CLANG_WARN_INFINITE_RECURSION = YES;
				CLANG_WARN_INT_CONVERSION = YES;
				CLANG_WARN_NON_LITERAL_NULL_CONVERSION = YES;
				CLANG_WARN_OBJC_IMPLICIT_RETAIN_SELF = YES;
				CLANG_WARN_OBJC_LITERAL_CONVERSION = YES;
				CLANG_WARN_OBJC_ROOT_CLASS = YES_ERROR;
				CLANG_WARN_RANGE_LOOP_ANALYSIS = YES;
				CLANG_WARN_STRICT_PROTOTYPES = YES;
				CLANG_WARN_SUSPICIOUS_MOVE = YES;
				CLANG_WARN_UNGUARDED_AVAILABILITY = YES_AGGRESSIVE;
				CLANG_WARN_UNREACHABLE_CODE = YES;
				CLANG_WARN__DUPLICATE_METHOD_MATCH = YES;
				COPY_PHASE_STRIP = NO;
				DEBUG_INFORMATION_FORMAT = dwarf;
				ENABLE_STRICT_OBJC_MSGSEND = YES;
				ENABLE_TESTABILITY = YES;
				GCC_C_LANGUAGE_STANDARD = gnu11;
				GCC_DYNAMIC_NO_PIC = NO;
				GCC_NO_COMMON_BLOCKS = YES;
				GCC_OPTIMIZATION_LEVEL = 0;
				GCC_PREPROCESSOR_DEFINITIONS = (
					"DEBUG=1",
					"$(inherited)",
				);
				GCC_WARN_64_TO_32_BIT_CONVERSION = YES;
				GCC_WARN_ABOUT_RETURN_TYPE = YES_ERROR;
				GCC_WARN_UNDECLARED_SELECTOR = YES;
				GCC_WARN_UNINITIALIZED_AUTOS = YES_AGGRESSIVE;
				GCC_WARN_UNUSED_FUNCTION = YES;
				GCC_WARN_UNUSED_VARIABLE = YES;
				IPHONEOS_DEPLOYMENT_TARGET = 13.2;
				MTL_ENABLE_DEBUG_INFO = INCLUDE_SOURCE;
				MTL_FAST_MATH = YES;
				ONLY_ACTIVE_ARCH = YES;
				SDKROOT = iphoneos;
				SWIFT_ACTIVE_COMPILATION_CONDITIONS = DEBUG;
				SWIFT_OPTIMIZATION_LEVEL = "-Onone";
			};
			name = Debug;
		};
		3FA5382329315A1800315B8D /* Release */ = {
			isa = XCBuildConfiguration;
			buildSettings = {
				ALWAYS_SEARCH_USER_PATHS = NO;
				CLANG_ANALYZER_NONNULL = YES;
				CLANG_ANALYZER_NUMBER_OBJECT_CONVERSION = YES_AGGRESSIVE;
				CLANG_CXX_LANGUAGE_STANDARD = "gnu++14";
				CLANG_CXX_LIBRARY = "libc++";
				CLANG_ENABLE_MODULES = YES;
				CLANG_ENABLE_OBJC_ARC = YES;
				CLANG_ENABLE_OBJC_WEAK = YES;
				CLANG_WARN_BLOCK_CAPTURE_AUTORELEASING = YES;
				CLANG_WARN_BOOL_CONVERSION = YES;
				CLANG_WARN_COMMA = YES;
				CLANG_WARN_CONSTANT_CONVERSION = YES;
				CLANG_WARN_DEPRECATED_OBJC_IMPLEMENTATIONS = YES;
				CLANG_WARN_DIRECT_OBJC_ISA_USAGE = YES_ERROR;
				CLANG_WARN_DOCUMENTATION_COMMENTS = YES;
				CLANG_WARN_EMPTY_BODY = YES;
				CLANG_WARN_ENUM_CONVERSION = YES;
				CLANG_WARN_INFINITE_RECURSION = YES;
				CLANG_WARN_INT_CONVERSION = YES;
				CLANG_WARN_NON_LITERAL_NULL_CONVERSION = YES;
				CLANG_WARN_OBJC_IMPLICIT_RETAIN_SELF = YES;
				CLANG_WARN_OBJC_LITERAL_CONVERSION = YES;
				CLANG_WARN_OBJC_ROOT_CLASS = YES_ERROR;
				CLANG_WARN_RANGE_LOOP_ANALYSIS = YES;
				CLANG_WARN_STRICT_PROTOTYPES = YES;
				CLANG_WARN_SUSPICIOUS_MOVE = YES;
				CLANG_WARN_UNGUARDED_AVAILABILITY = YES_AGGRESSIVE;
				CLANG_WARN_UNREACHABLE_CODE = YES;
				CLANG_WARN__DUPLICATE_METHOD_MATCH = YES;
				COPY_PHASE_STRIP = NO;
				DEBUG_INFORMATION_FORMAT = "dwarf-with-dsym";
				ENABLE_NS_ASSERTIONS = NO;
				ENABLE_STRICT_OBJC_MSGSEND = YES;
				GCC_C_LANGUAGE_STANDARD = gnu11;
				GCC_NO_COMMON_BLOCKS = YES;
				GCC_WARN_64_TO_32_BIT_CONVERSION = YES;
				GCC_WARN_ABOUT_RETURN_TYPE = YES_ERROR;
				GCC_WARN_UNDECLARED_SELECTOR = YES;
				GCC_WARN_UNINITIALIZED_AUTOS = YES_AGGRESSIVE;
				GCC_WARN_UNUSED_FUNCTION = YES;
				GCC_WARN_UNUSED_VARIABLE = YES;
				IPHONEOS_DEPLOYMENT_TARGET = 13.2;
				MTL_ENABLE_DEBUG_INFO = NO;
				MTL_FAST_MATH = YES;
				SDKROOT = iphoneos;
				SWIFT_COMPILATION_MODE = wholemodule;
				SWIFT_OPTIMIZATION_LEVEL = "-O";
				VALIDATE_PRODUCT = YES;
			};
			name = Release;
		};
		3FA5382529315A1800315B8D /* Debug */ = {
			isa = XCBuildConfiguration;
			buildSettings = {
				ASSETCATALOG_COMPILER_APPICON_NAME = AppIcon;
				CODE_SIGN_STYLE = Automatic;
				INFOPLIST_FILE = coinJSON/Info.plist;
				LD_RUNPATH_SEARCH_PATHS = (
					"$(inherited)",
					"@executable_path/Frameworks",
				);
				PRODUCT_BUNDLE_IDENTIFIER = ufal.coinJSON;
				PRODUCT_NAME = "$(TARGET_NAME)";
				SWIFT_VERSION = 5.0;
				TARGETED_DEVICE_FAMILY = "1,2";
			};
			name = Debug;
		};
		3FA5382629315A1800315B8D /* Release */ = {
			isa = XCBuildConfiguration;
			buildSettings = {
				ASSETCATALOG_COMPILER_APPICON_NAME = AppIcon;
				CODE_SIGN_STYLE = Automatic;
				INFOPLIST_FILE = coinJSON/Info.plist;
				LD_RUNPATH_SEARCH_PATHS = (
					"$(inherited)",
					"@executable_path/Frameworks",
				);
				PRODUCT_BUNDLE_IDENTIFIER = ufal.coinJSON;
				PRODUCT_NAME = "$(TARGET_NAME)";
				SWIFT_VERSION = 5.0;
				TARGETED_DEVICE_FAMILY = "1,2";
			};
			name = Release;
		};
/* End XCBuildConfiguration section */

/* Begin XCConfigurationList section */
		3FA5380B29315A1700315B8D /* Build configuration list for PBXProject "coinJSON" */ = {
			isa = XCConfigurationList;
			buildConfigurations = (
				3FA5382229315A1800315B8D /* Debug */,
				3FA5382329315A1800315B8D /* Release */,
			);
			defaultConfigurationIsVisible = 0;
			defaultConfigurationName = Release;
		};
		3FA5382429315A1800315B8D /* Build configuration list for PBXNativeTarget "coinJSON" */ = {
			isa = XCConfigurationList;
			buildConfigurations = (
				3FA5382529315A1800315B8D /* Debug */,
				3FA5382629315A1800315B8D /* Release */,
			);
			defaultConfigurationIsVisible = 0;
			defaultConfigurationName = Release;
		};
/* End XCConfigurationList section */
	};
	rootObject = 3FA5380829315A1700315B8D /* Project object */;
}
